
Microsoft Visual Studio Solution File, Format Version 12.00
# Visual Studio Version 17
VisualStudioVersion = 17.5.002.0
MinimumVisualStudioVersion = 10.0.40219.1
Project("{9A19103F-16F7-4668-BE54-9A1E7A4F7556}") = "BlogApi", "BlogApi\BlogApi.csproj", "{89029B57-AAB9-47A5-B816-14019A6BA67A}"
EndProject
Global
	GlobalSection(SolutionConfigurationPlatforms) = preSolution
		Debug|Any CPU = Debug|Any CPU
		Release|Any CPU = Release|Any CPU
	EndGlobalSection
	GlobalSection(ProjectConfigurationPlatforms) = postSolution
		{89029B57-AAB9-47A5-B816-14019A6BA67A}.Debug|Any CPU.ActiveCfg = Debug|Any CPU
		{89029B57-AAB9-47A5-B816-14019A6BA67A}.Debug|Any CPU.Build.0 = Debug|Any CPU
		{89029B57-AAB9-47A5-B816-14019A6BA67A}.Release|Any CPU.ActiveCfg = Release|Any CPU
		{89029B57-AAB9-47A5-B816-14019A6BA67A}.Release|Any CPU.Build.0 = Release|Any CPU
	EndGlobalSection
	GlobalSection(SolutionProperties) = preSolution
		HideSolutionNode = FALSE
	EndGlobalSection
	GlobalSection(ExtensibilityGlobals) = postSolution
		SolutionGuid = {866BDCE8-59FD-4549-BF50-14D8E0C0BC9D}
	EndGlobalSection
EndGlobal
